# This file was autogenerated by Stack.
# You should not edit this file by hand.
# For more information, please see the documentation at:
#   https://docs.haskellstack.org/en/stable/lock_files

packages:
- completed:
    hackage: unbound-generics-0.4.4@sha256:f7fc93641d5043db8938a5e77f463afa7c473edca3ef26097d4b6f98d45e255c,5521
    pantry-tree:
      sha256: 0f4e625ef42ebec6078ed94b7c539269bfe51ef148c91fa8803afff884ca24d7
      size: 3267
  original:
    hackage: unbound-generics-0.4.4@sha256:f7fc93641d5043db8938a5e77f463afa7c473edca3ef26097d4b6f98d45e255c,5521
snapshots:
- completed:
    sha256: 08bd13ce621b41a8f5e51456b38d5b46d7783ce114a50ab604d6bbab0d002146
    size: 720271
    url: http://mirrors.ustc.edu.cn/stackage/stackage-snapshots/lts/22/43.yaml
  original:
    url: http://mirrors.ustc.edu.cn/stackage/stackage-snapshots/lts/22/43.yaml
